
Microsoft Visual Studio Solution File, Format Version 12.00
# Visual Studio Version 17
VisualStudioVersion = 17.5.002.0
MinimumVisualStudioVersion = 10.0.40219.1
Project("{9A19103F-16F7-4668-BE54-9A1E7A4F7556}") = "WebAPIProject", "WebAPIProject.csproj", "{095BEC7B-E9B7-4BE2-923D-B8DB274AAB42}"
EndProject
Global
	GlobalSection(SolutionConfigurationPlatforms) = preSolution
		Debug|Any CPU = Debug|Any CPU
		Release|Any CPU = Release|Any CPU
	EndGlobalSection
	GlobalSection(ProjectConfigurationPlatforms) = postSolution
		{095BEC7B-E9B7-4BE2-923D-B8DB274AAB42}.Debug|Any CPU.ActiveCfg = Debug|Any CPU
		{095BEC7B-E9B7-4BE2-923D-B8DB274AAB42}.Debug|Any CPU.Build.0 = Debug|Any CPU
		{095BEC7B-E9B7-4BE2-923D-B8DB274AAB42}.Release|Any CPU.ActiveCfg = Release|Any CPU
		{095BEC7B-E9B7-4BE2-923D-B8DB274AAB42}.Release|Any CPU.Build.0 = Release|Any CPU
	EndGlobalSection
	GlobalSection(SolutionProperties) = preSolution
		HideSolutionNode = FALSE
	EndGlobalSection
	GlobalSection(ExtensibilityGlobals) = postSolution
		SolutionGuid = {BA95B99D-87BD-4B6E-83F5-BF09EECEE8D7}
	EndGlobalSection
EndGlobal
